Microsoft Visual Studio Solution File, Format Version 12.00
# Visual Studio Version 17
VisualStudioVersion = 17.5.2.0
MinimumVisualStudioVersion = 10.0.40219.1
Project("{FAE04EC0-301F-11D3-BF4B-00C04F79EFBC}") = "Bit.BlazorUIPlayground", "Bit.BlazorUIPlayground.csproj", "{E3EB84F7-1924-E22C-3B6B-3585E8186983}"
EndProject
Global
	GlobalSection(SolutionConfigurationPlatforms) = preSolution
		Debug|Any CPU = Debug|Any CPU
		Release|Any CPU = Release|Any CPU
	EndGlobalSection
	GlobalSection(ProjectConfigurationPlatforms) = postSolution
		{E3EB84F7-1924-E22C-3B6B-3585E8186983}.Debug|Any CPU.ActiveCfg = Debug|Any CPU
		{E3EB84F7-1924-E22C-3B6B-3585E8186983}.Debug|Any CPU.Build.0 = Debug|Any CPU
		{E3EB84F7-1924-E22C-3B6B-3585E8186983}.Release|Any CPU.ActiveCfg = Release|Any CPU
		{E3EB84F7-1924-E22C-3B6B-3585E8186983}.Release|Any CPU.Build.0 = Release|Any CPU
	EndGlobalSection
	GlobalSection(SolutionProperties) = preSolution
		HideSolutionNode = FALSE
	EndGlobalSection
	GlobalSection(ExtensibilityGlobals) = postSolution
		SolutionGuid = {62A0081C-1E4E-438C-8C79-FB0DF9B3743F}
	EndGlobalSection
EndGlobal
